aqwari.net/net/styx v0.0.0-20221011015736-bf55d759d56b h1:vbmbRVL4qIJ19O+rqy+tt2btrL5hVBUspWIVG0ia0LI=
aqwari.net/net/styx v0.0.0-20221011015736-bf55d759d56b/go.mod h1:TBqvQEpooLPVs+URMTeCapXrCEXrsijoOSncWHBtiuI=
aqwari.net/retry v0.0.0-20180428204214-1281ce5d8df0 h1:BeD6U5TNwhMWxeydyi5xqpaNZx1MWl5QTcW4w7Mxf+Y=
aqwari.net/retry v0.0.0-20180428204214-1281ce5d8df0/go.mod h1:XSNyyoM+OSg3vRmROPrS1lEpV7q/I9J1HAKMMxdUkU4=
github.com/dustin/go-humanize v1.0.1 h1:GzkhY7T5VNhEkwH0PVJgjz+fX1rhBrR7pRT3mDkpeCY=
github.com/dustin/go-humanize v1.0.1/go.mod h1:Mu1zIs6XwVuF/gI1OepvI0qD18qycQx+mFykh5fBlto=
github.com/golang-jwt/jwt/v5 v5.3.0 h1:pv4AsKCKKZuqlgs5sUmn4x8UlGa0kEVt/puTpKx9vvo=
github.com/golang-jwt/jwt/v5 v5.3.0/go.mod h1:fxCRLWMO43lRc8nhHWY6LGqRcf+1gQWArsqaEUEa5bE=
github.com/google/uuid v1.6.0 h1:NIvaJDMOsjHA8n1jAhLSgzrAzy1Hgr+hNrb57e+94F0=
github.com/google/uuid v1.6.0/go.mod h1:TIyPZe4MgqvfeYDBFedMoGGpEw/LqOeaOT+nhxU+yHo=
golang.org/x/crypto v0.47.0 h1:V6e3FRj+n4dbpw86FJ8Fv7XVOql7TEwpHapKoMJ/GO8=
golang.org/x/crypto v0.47.0/go.mod h1:ff3Y9VzzKbwSSEzWqJsJVBnWmRwRSHt/6Op5n9bQc4A=
golang.org/x/net v0.49.0 h1:eeHFmOGUTtaaPSGNmjBKpbng9MulQsJURQUAfUwY++o=
golang.org/x/net v0.49.0/go.mod h1:/ysNB2EvaqvesRkuLAyjI1ycPZlQHM3q01F02UY/MV8=
